
Microsoft Visual Studio Solution File, Format Version 12.00
# Visual Studio Version 16
VisualStudioVersion = 16.0.33423.256
MinimumVisualStudioVersion = 10.0.40219.1
Project("{8BC9CEB8-8B4A-11D0-8D11-00A0C91BC942}") = "Native", "Native\Native.vcxproj", "{DEBC555C-F8B5-46EA-8FB2-C5EF0163C733}"
EndProject
Project("{8BC9CEB8-8B4A-11D0-8D11-00A0C91BC942}") = "Wrapper", "Wrapper\Wrapper.vcxproj", "{FAE83EB4-3788-4687-8EE9-5E8044E5F69A}"
EndProject
Project("{FAE04EC0-301F-11D3-BF4B-00C04F79EFBC}") = "Sandbox", "Sandbox\Sandbox.csproj", "{FA339ED0-EA91-4F1B-8BEC-3B54EA0466B5}"
EndProject
Global
	GlobalSection(SolutionConfigurationPlatforms) = preSolution
		Debug|Any CPU = Debug|Any CPU
		Debug|x64 = Debug|x64
		Debug|x86 = Debug|x86
		Release|Any CPU = Release|Any CPU
		Release|x64 = Release|x64
		Release|x86 = Release|x86
	EndGlobalSection
	GlobalSection(ProjectConfigurationPlatforms) = postSolution
		{DEBC555C-F8B5-46EA-8FB2-C5EF0163C733}.Debug|Any CPU.ActiveCfg = Debug|Win32
		{DEBC555C-F8B5-46EA-8FB2-C5EF0163C733}.Debug|x64.ActiveCfg = Debug|x64
		{DEBC555C-F8B5-46EA-8FB2-C5EF0163C733}.Debug|x64.Build.0 = Debug|x64
		{DEBC555C-F8B5-46EA-8FB2-C5EF0163C733}.Debug|x86.ActiveCfg = Debug|Win32
		{DEBC555C-F8B5-46EA-8FB2-C5EF0163C733}.Debug|x86.Build.0 = Debug|Win32
		{DEBC555C-F8B5-46EA-8FB2-C5EF0163C733}.Release|Any CPU.ActiveCfg = Release|Win32
		{DEBC555C-F8B5-46EA-8FB2-C5EF0163C733}.Release|x64.ActiveCfg = Release|x64
		{DEBC555C-F8B5-46EA-8FB2-C5EF0163C733}.Release|x64.Build.0 = Release|x64
		{DEBC555C-F8B5-46EA-8FB2-C5EF0163C733}.Release|x86.ActiveCfg = Release|Win32
		{DEBC555C-F8B5-46EA-8FB2-C5EF0163C733}.Release|x86.Build.0 = Release|Win32
		{FAE83EB4-3788-4687-8EE9-5E8044E5F69A}.Debug|Any CPU.ActiveCfg = Debug|Win32
		{FAE83EB4-3788-4687-8EE9-5E8044E5F69A}.Debug|x64.ActiveCfg = Debug|x64
		{FAE83EB4-3788-4687-8EE9-5E8044E5F69A}.Debug|x64.Build.0 = Debug|x64
		{FAE83EB4-3788-4687-8EE9-5E8044E5F69A}.Debug|x86.ActiveCfg = Debug|Win32
		{FAE83EB4-3788-4687-8EE9-5E8044E5F69A}.Debug|x86.Build.0 = Debug|Win32
		{FAE83EB4-3788-4687-8EE9-5E8044E5F69A}.Release|Any CPU.ActiveCfg = Release|Win32
		{FAE83EB4-3788-4687-8EE9-5E8044E5F69A}.Release|x64.ActiveCfg = Release|x64
		{FAE83EB4-3788-4687-8EE9-5E8044E5F69A}.Release|x64.Build.0 = Release|x64
		{FAE83EB4-3788-4687-8EE9-5E8044E5F69A}.Release|x86.ActiveCfg = Release|Win32
		{FAE83EB4-3788-4687-8EE9-5E8044E5F69A}.Release|x86.Build.0 = Release|Win32
		{FA339ED0-EA91-4F1B-8BEC-3B54EA0466B5}.Debug|Any CPU.ActiveCfg = Debug|Any CPU
		{FA339ED0-EA91-4F1B-8BEC-3B54EA0466B5}.Debug|Any CPU.Build.0 = Debug|Any CPU
		{FA339ED0-EA91-4F1B-8BEC-3B54EA0466B5}.Debug|x64.ActiveCfg = Debug|Any CPU
		{FA339ED0-EA91-4F1B-8BEC-3B54EA0466B5}.Debug|x64.Build.0 = Debug|Any CPU
		{FA339ED0-EA91-4F1B-8BEC-3B54EA0466B5}.Debug|x86.ActiveCfg = Debug|Any CPU
		{FA339ED0-EA91-4F1B-8BEC-3B54EA0466B5}.Debug|x86.Build.0 = Debug|Any CPU
		{FA339ED0-EA91-4F1B-8BEC-3B54EA0466B5}.Release|Any CPU.ActiveCfg = Release|Any CPU
		{FA339ED0-EA91-4F1B-8BEC-3B54EA0466B5}.Release|Any CPU.Build.0 = Release|Any CPU
		{FA339ED0-EA91-4F1B-8BEC-3B54EA0466B5}.Release|x64.ActiveCfg = Release|Any CPU
		{FA339ED0-EA91-4F1B-8BEC-3B54EA0466B5}.Release|x64.Build.0 = Release|Any CPU
		{FA339ED0-EA91-4F1B-8BEC-3B54EA0466B5}.Release|x86.ActiveCfg = Release|Any CPU
		{FA339ED0-EA91-4F1B-8BEC-3B54EA0466B5}.Release|x86.Build.0 = Release|Any CPU
	EndGlobalSection
	GlobalSection(SolutionProperties) = preSolution
		HideSolutionNode = FALSE
	EndGlobalSection
	GlobalSection(ExtensibilityGlobals) = postSolution
		SolutionGuid = {840528F0-1753-42E3-B75B-49BB9E45AB0A}
	EndGlobalSection
EndGlobal
